// !$*UTF8*$!
{
	archiveVersion = 1;
	classes = {
	};
	objectVersion = 55;
	objects = {

/* Begin PBXBuildFile section */
		3A02C7DC27EF45B2001F4FF6 /* TabBarController.swift in Sources */ = {isa = PBXBuildFile; fileRef = 3A02C7DB27EF45B2001F4FF6 /* TabBarController.swift */; };
		3A02C7DE27EF4609001F4FF6 /* NavigationController.swift in Sources */ = {isa = PBXBuildFile; fileRef = 3A02C7DD27EF4609001F4FF6 /* NavigationController.swift */; };
		3A02C7E027EF4647001F4FF6 /* ContentViewController.swift in Sources */ = {isa = PBXBuildFile; fileRef = 3A02C7DF27EF4647001F4FF6 /* ContentViewController.swift */; };
		3A02C7E227EF4E08001F4FF6 /* InfoViewController.swift in Sources */ = {isa = PBXBuildFile; fileRef = 3A02C7E127EF4E08001F4FF6 /* InfoViewController.swift */; };
		3A02C7E827F87307001F4FF6 /* InfoView.swift in Sources */ = {isa = PBXBuildFile; fileRef = 3A02C7E727F87307001F4FF6 /* InfoView.swift */; };
		3A02C7EA27F8736E001F4FF6 /* BrowseViewController.swift in Sources */ = {isa = PBXBuildFile; fileRef = 3A02C7E927F8736E001F4FF6 /* BrowseViewController.swift */; };
		3A02C7EC27F87394001F4FF6 /* BrowseView.swift in Sources */ = {isa = PBXBuildFile; fileRef = 3A02C7EB27F87394001F4FF6 /* BrowseView.swift */; };
		3AA8A2462801AFC8004B3C3C /* HistoryViewController.swift in Sources */ = {isa = PBXBuildFile; fileRef = 3AA8A2452801AFC8004B3C3C /* HistoryViewController.swift */; };
		3AA8A2482801B15F004B3C3C /* HistoryView.swift in Sources */ = {isa = PBXBuildFile; fileRef = 3AA8A2472801B15F004B3C3C /* HistoryView.swift */; };
		3AA8A24B2801B48D004B3C3C /* CollectionViewLayoutFactory.swift in Sources */ = {isa = PBXBuildFile; fileRef = 3AA8A24A2801B48D004B3C3C /* CollectionViewLayoutFactory.swift */; };
		3AA8A24E2801B8A4004B3C3C /* DataStore.swift in Sources */ = {isa = PBXBuildFile; fileRef = 3AA8A24D2801B8A4004B3C3C /* DataStore.swift */; };
		3AA8A2502801BC8A004B3C3C /* HistoryCollectionItem.swift in Sources */ = {isa = PBXBuildFile; fileRef = 3AA8A24F2801BC8A004B3C3C /* HistoryCollectionItem.swift */; };
		3AA8A2522801C40F004B3C3C /* RecentContentConfiguration.swift in Sources */ = {isa = PBXBuildFile; fileRef = 3AA8A2512801C40F004B3C3C /* RecentContentConfiguration.swift */; };
		3AA8A2542801CB18004B3C3C /* PopularContnetConfiguration.swift in Sources */ = {isa = PBXBuildFile; fileRef = 3AA8A2532801CB18004B3C3C /* PopularContnetConfiguration.swift */; };
		3AA8A2562801CB2B004B3C3C /* OrdinaryContentConfiguration.swift in Sources */ = {isa = PBXBuildFile; fileRef = 3AA8A2552801CB2B004B3C3C /* OrdinaryContentConfiguration.swift */; };
		3AAAA61E280AEA3C00F363E6 /* MediaViewController.swift in Sources */ = {isa = PBXBuildFile; fileRef = 3AAAA61D280AEA3C00F363E6 /* MediaViewController.swift */; };
		3AAAA620280AEA5600F363E6 /* MediaView.swift in Sources */ = {isa = PBXBuildFile; fileRef = 3AAAA61F280AEA5600F363E6 /* MediaView.swift */; };
		3AAAA622280AEDC000F363E6 /* UIView+Extension.swift in Sources */ = {isa = PBXBuildFile; fileRef = 3AAAA621280AEDC000F363E6 /* UIView+Extension.swift */; };
		3AAAA624280AEDD000F363E6 /* UIButton+Extension.swift in Sources */ = {isa = PBXBuildFile; fileRef = 3AAAA623280AEDD000F363E6 /* UIButton+Extension.swift */; };
		3AAE1A5627E5FFFB002500A6 /* AppDelegate.swift in Sources */ = {isa = PBXBuildFile; fileRef = 3AAE1A5527E5FFFB002500A6 /* AppDelegate.swift */; };
		3AAE1A5827E5FFFB002500A6 /* SceneDelegate.swift in Sources */ = {isa = PBXBuildFile; fileRef = 3AAE1A5727E5FFFB002500A6 /* SceneDelegate.swift */; };
		3AAE1A5F27E5FFFF002500A6 /* Assets.xcassets in Resources */ = {isa = PBXBuildFile; fileRef = 3AAE1A5E27E5FFFF002500A6 /* Assets.xcassets */; };
		3AAE1A6227E5FFFF002500A6 /* LaunchScreen.storyboard in Resources */ = {isa = PBXBuildFile; fileRef = 3AAE1A6027E5FFFF002500A6 /* LaunchScreen.storyboard */; };
		3AAE1A6A27E60AC6002500A6 /* ContentView.swift in Sources */ = {isa = PBXBuildFile; fileRef = 3AAE1A6927E60AC6002500A6 /* ContentView.swift */; };
/* End PBXBuildFile section */

/* Begin PBXFileReference section */
		3A02C7DB27EF45B2001F4FF6 /* TabBarController.swift */ = {isa = PBXFileReference; lastKnownFileType = sourcecode.swift; path = TabBarController.swift; sourceTree = "<group>"; };
		3A02C7DD27EF4609001F4FF6 /* NavigationController.swift */ = {isa = PBXFileReference; lastKnownFileType = sourcecode.swift; path = NavigationController.swift; sourceTree = "<group>"; };
		3A02C7DF27EF4647001F4FF6 /* ContentViewController.swift */ = {isa = PBXFileReference; lastKnownFileType = sourcecode.swift; path = ContentViewController.swift; sourceTree = "<group>"; };
		3A02C7E127EF4E08001F4FF6 /* InfoViewController.swift */ = {isa = PBXFileReference; lastKnownFileType = sourcecode.swift; path = InfoViewController.swift; sourceTree = "<group>"; };
		3A02C7E727F87307001F4FF6 /* InfoView.swift */ = {isa = PBXFileReference; lastKnownFileType = sourcecode.swift; path = InfoView.swift; sourceTree = "<group>"; };
		3A02C7E927F8736E001F4FF6 /* BrowseViewController.swift */ = {isa = PBXFileReference; lastKnownFileType = sourcecode.swift; path = BrowseViewController.swift; sourceTree = "<group>"; };
		3A02C7EB27F87394001F4FF6 /* BrowseView.swift */ = {isa = PBXFileReference; lastKnownFileType = sourcecode.swift; path = BrowseView.swift; sourceTree = "<group>"; };
		3AA8A2452801AFC8004B3C3C /* HistoryViewController.swift */ = {isa = PBXFileReference; lastKnownFileType = sourcecode.swift; path = HistoryViewController.swift; sourceTree = "<group>"; };
		3AA8A2472801B15F004B3C3C /* HistoryView.swift */ = {isa = PBXFileReference; lastKnownFileType = sourcecode.swift; path = HistoryView.swift; sourceTree = "<group>"; };
		3AA8A24A2801B48D004B3C3C /* CollectionViewLayoutFactory.swift */ = {isa = PBXFileReference; lastKnownFileType = sourcecode.swift; path = CollectionViewLayoutFactory.swift; sourceTree = "<group>"; };
		3AA8A24D2801B8A4004B3C3C /* DataStore.swift */ = {isa = PBXFileReference; lastKnownFileType = sourcecode.swift; path = DataStore.swift; sourceTree = "<group>"; };
		3AA8A24F2801BC8A004B3C3C /* HistoryCollectionItem.swift */ = {isa = PBXFileReference; lastKnownFileType = sourcecode.swift; path = HistoryCollectionItem.swift; sourceTree = "<group>"; };
		3AA8A2512801C40F004B3C3C /* RecentContentConfiguration.swift */ = {isa = PBXFileReference; lastKnownFileType = sourcecode.swift; path = RecentContentConfiguration.swift; sourceTree = "<group>"; };
		3AA8A2532801CB18004B3C3C /* PopularContnetConfiguration.swift */ = {isa = PBXFileReference; lastKnownFileType = sourcecode.swift; path = PopularContnetConfiguration.swift; sourceTree = "<group>"; };
		3AA8A2552801CB2B004B3C3C /* OrdinaryContentConfiguration.swift */ = {isa = PBXFileReference; lastKnownFileType = sourcecode.swift; path = OrdinaryContentConfiguration.swift; sourceTree = "<group>"; };
		3AAAA61D280AEA3C00F363E6 /* MediaViewController.swift */ = {isa = PBXFileReference; lastKnownFileType = sourcecode.swift; path = MediaViewController.swift; sourceTree = "<group>"; };
		3AAAA61F280AEA5600F363E6 /* MediaView.swift */ = {isa = PBXFileReference; lastKnownFileType = sourcecode.swift; path = MediaView.swift; sourceTree = "<group>"; };
		3AAAA621280AEDC000F363E6 /* UIView+Extension.swift */ = {isa = PBXFileReference; lastKnownFileType = sourcecode.swift; path = "UIView+Extension.swift"; sourceTree = "<group>"; };
		3AAAA623280AEDD000F363E6 /* UIButton+Extension.swift */ = {isa = PBXFileReference; lastKnownFileType = sourcecode.swift; path = "UIButton+Extension.swift"; sourceTree = "<group>"; };
		3AAE1A5227E5FFFB002500A6 /* SenlaApp.app */ = {isa = PBXFileReference; explicitFileType = wrapper.application; includeInIndex = 0; path = SenlaApp.app; sourceTree = BUILT_PRODUCTS_DIR; };
		3AAE1A5527E5FFFB002500A6 /* AppDelegate.swift */ = {isa = PBXFileReference; lastKnownFileType = sourcecode.swift; path = AppDelegate.swift; sourceTree = "<group>"; };
		3AAE1A5727E5FFFB002500A6 /* SceneDelegate.swift */ = {isa = PBXFileReference; lastKnownFileType = sourcecode.swift; path = SceneDelegate.swift; sourceTree = "<group>"; };
		3AAE1A5E27E5FFFF002500A6 /* Assets.xcassets */ = {isa = PBXFileReference; lastKnownFileType = folder.assetcatalog; path = Assets.xcassets; sourceTree = "<group>"; };
		3AAE1A6127E5FFFF002500A6 /* Base */ = {isa = PBXFileReference; lastKnownFileType = file.storyboard; name = Base; path = Base.lproj/LaunchScreen.storyboard; sourceTree = "<group>"; };
		3AAE1A6327E5FFFF002500A6 /* Info.plist */ = {isa = PBXFileReference; lastKnownFileType = text.plist.xml; path = Info.plist; sourceTree = "<group>"; };
		3AAE1A6927E60AC6002500A6 /* ContentView.swift */ = {isa = PBXFileReference; lastKnownFileType = sourcecode.swift; path = ContentView.swift; sourceTree = "<group>"; };
/* End PBXFileReference section */

/* Begin PBXFrameworksBuildPhase section */
		3AAE1A4F27E5FFFB002500A6 /* Frameworks */ = {
			isa = PBXFrameworksBuildPhase;
			buildActionMask = 2147483647;
			files = (
			);
			runOnlyForDeploymentPostprocessing = 0;
		};
/* End PBXFrameworksBuildPhase section */

/* Begin PBXGroup section */
		3A02C7E327F87260001F4FF6 /* Modules */ = {
			isa = PBXGroup;
			children = (
				3A02C7E627F872A3001F4FF6 /* View */,
				3A02C7E427F87290001F4FF6 /* Controller */,
			);
			path = Modules;
			sourceTree = "<group>";
		};
		3A02C7E427F87290001F4FF6 /* Controller */ = {
			isa = PBXGroup;
			children = (
				3A02C7DF27EF4647001F4FF6 /* ContentViewController.swift */,
				3A02C7E127EF4E08001F4FF6 /* InfoViewController.swift */,
				3A02C7E927F8736E001F4FF6 /* BrowseViewController.swift */,
				3AA8A2452801AFC8004B3C3C /* HistoryViewController.swift */,
				3AAAA61D280AEA3C00F363E6 /* MediaViewController.swift */,
			);
			path = Controller;
			sourceTree = "<group>";
		};
		3A02C7E627F872A3001F4FF6 /* View */ = {
			isa = PBXGroup;
			children = (
				3AAE1A6927E60AC6002500A6 /* ContentView.swift */,
				3A02C7E727F87307001F4FF6 /* InfoView.swift */,
				3A02C7EB27F87394001F4FF6 /* BrowseView.swift */,
				3AA8A2472801B15F004B3C3C /* HistoryView.swift */,
				3AAAA61F280AEA5600F363E6 /* MediaView.swift */,
			);
			path = View;
			sourceTree = "<group>";
		};
		3AA8A2492801B465004B3C3C /* UIKit */ = {
			isa = PBXGroup;
			children = (
				3AA8A24A2801B48D004B3C3C /* CollectionViewLayoutFactory.swift */,
				3AAAA621280AEDC000F363E6 /* UIView+Extension.swift */,
				3AAAA623280AEDD000F363E6 /* UIButton+Extension.swift */,
			);
			path = UIKit;
			sourceTree = "<group>";
		};
		3AA8A24C2801B88F004B3C3C /* DataStore */ = {
			isa = PBXGroup;
			children = (
				3AA8A24D2801B8A4004B3C3C /* DataStore.swift */,
				3AA8A24F2801BC8A004B3C3C /* HistoryCollectionItem.swift */,
				3AA8A2512801C40F004B3C3C /* RecentContentConfiguration.swift */,
				3AA8A2532801CB18004B3C3C /* PopularContnetConfiguration.swift */,
				3AA8A2552801CB2B004B3C3C /* OrdinaryContentConfiguration.swift */,
			);
			path = DataStore;
			sourceTree = "<group>";
		};
		3AAE1A4927E5FFFB002500A6 = {
			isa = PBXGroup;
			children = (
				3AA8A24C2801B88F004B3C3C /* DataStore */,
				3AA8A2492801B465004B3C3C /* UIKit */,
				3A02C7E327F87260001F4FF6 /* Modules */,
				3AAE1A5427E5FFFB002500A6 /* SenlaApp */,
				3AAE1A5327E5FFFB002500A6 /* Products */,
			);
			sourceTree = "<group>";
		};
		3AAE1A5327E5FFFB002500A6 /* Products */ = {
			isa = PBXGroup;
			children = (
				3AAE1A5227E5FFFB002500A6 /* SenlaApp.app */,
			);
			name = Products;
			sourceTree = "<group>";
		};
		3AAE1A5427E5FFFB002500A6 /* SenlaApp */ = {
			isa = PBXGroup;
			children = (
				3AAE1A5527E5FFFB002500A6 /* AppDelegate.swift */,
				3AAE1A5E27E5FFFF002500A6 /* Assets.xcassets */,
				3AAE1A6327E5FFFF002500A6 /* Info.plist */,
				3AAE1A6027E5FFFF002500A6 /* LaunchScreen.storyboard */,
				3A02C7DD27EF4609001F4FF6 /* NavigationController.swift */,
				3AAE1A5727E5FFFB002500A6 /* SceneDelegate.swift */,
				3A02C7DB27EF45B2001F4FF6 /* TabBarController.swift */,
			);
			path = SenlaApp;
			sourceTree = "<group>";
		};
/* End PBXGroup section */

/* Begin PBXNativeTarget section */
		3AAE1A5127E5FFFB002500A6 /* SenlaApp */ = {
			isa = PBXNativeTarget;
			buildConfigurationList = 3AAE1A6627E5FFFF002500A6 /* Build configuration list for PBXNativeTarget "SenlaApp" */;
			buildPhases = (
				3AAE1A4E27E5FFFB002500A6 /* Sources */,
				3AAE1A4F27E5FFFB002500A6 /* Frameworks */,
				3AAE1A5027E5FFFB002500A6 /* Resources */,
			);
			buildRules = (
			);
			dependencies = (
			);
			name = SenlaApp;
			productName = SenlaApp;
			productReference = 3AAE1A5227E5FFFB002500A6 /* SenlaApp.app */;
			productType = "com.apple.product-type.application";
		};
/* End PBXNativeTarget section */

/* Begin PBXProject section */
		3AAE1A4A27E5FFFB002500A6 /* Project object */ = {
			isa = PBXProject;
			attributes = {
				BuildIndependentTargetsInParallel = 1;
				LastSwiftUpdateCheck = 1320;
				LastUpgradeCheck = 1320;
				TargetAttributes = {
					3AAE1A5127E5FFFB002500A6 = {
						CreatedOnToolsVersion = 13.2.1;
					};
				};
			};
			buildConfigurationList = 3AAE1A4D27E5FFFB002500A6 /* Build configuration list for PBXProject "SenlaApp" */;
			compatibilityVersion = "Xcode 13.0";
			developmentRegion = en;
			hasScannedForEncodings = 0;
			knownRegions = (
				en,
				Base,
			);
			mainGroup = 3AAE1A4927E5FFFB002500A6;
			productRefGroup = 3AAE1A5327E5FFFB002500A6 /* Products */;
			projectDirPath = "";
			projectRoot = "";
			targets = (
				3AAE1A5127E5FFFB002500A6 /* SenlaApp */,
			);
		};
/* End PBXProject section */

/* Begin PBXResourcesBuildPhase section */
		3AAE1A5027E5FFFB002500A6 /* Resources */ = {
			isa = PBXResourcesBuildPhase;
			buildActionMask = 2147483647;
			files = (
				3AAE1A6227E5FFFF002500A6 /* LaunchScreen.storyboard in Resources */,
				3AAE1A5F27E5FFFF002500A6 /* Assets.xcassets in Resources */,
			);
			runOnlyForDeploymentPostprocessing = 0;
		};
/* End PBXResourcesBuildPhase section */

/* Begin PBXSourcesBuildPhase section */
		3AAE1A4E27E5FFFB002500A6 /* Sources */ = {
			isa = PBXSourcesBuildPhase;
			buildActionMask = 2147483647;
			files = (
				3AA8A2502801BC8A004B3C3C /* HistoryCollectionItem.swift in Sources */,
				3A02C7E827F87307001F4FF6 /* InfoView.swift in Sources */,
				3AA8A2482801B15F004B3C3C /* HistoryView.swift in Sources */,
				3AAAA624280AEDD000F363E6 /* UIButton+Extension.swift in Sources */,
				3AAE1A6A27E60AC6002500A6 /* ContentView.swift in Sources */,
				3A02C7EC27F87394001F4FF6 /* BrowseView.swift in Sources */,
				3A02C7DC27EF45B2001F4FF6 /* TabBarController.swift in Sources */,
				3A02C7DE27EF4609001F4FF6 /* NavigationController.swift in Sources */,
				3AA8A2462801AFC8004B3C3C /* HistoryViewController.swift in Sources */,
				3AA8A2562801CB2B004B3C3C /* OrdinaryContentConfiguration.swift in Sources */,
				3AA8A24E2801B8A4004B3C3C /* DataStore.swift in Sources */,
				3A02C7E227EF4E08001F4FF6 /* InfoViewController.swift in Sources */,
				3AAE1A5627E5FFFB002500A6 /* AppDelegate.swift in Sources */,
				3A02C7EA27F8736E001F4FF6 /* BrowseViewController.swift in Sources */,
				3AAAA620280AEA5600F363E6 /* MediaView.swift in Sources */,
				3A02C7E027EF4647001F4FF6 /* ContentViewController.swift in Sources */,
				3AAAA622280AEDC000F363E6 /* UIView+Extension.swift in Sources */,
				3AA8A24B2801B48D004B3C3C /* CollectionViewLayoutFactory.swift in Sources */,
				3AA8A2522801C40F004B3C3C /* RecentContentConfiguration.swift in Sources */,
				3AAE1A5827E5FFFB002500A6 /* SceneDelegate.swift in Sources */,
				3AA8A2542801CB18004B3C3C /* PopularContnetConfiguration.swift in Sources */,
				3AAAA61E280AEA3C00F363E6 /* MediaViewController.swift in Sources */,
			);
			runOnlyForDeploymentPostprocessing = 0;
		};
/* End PBXSourcesBuildPhase section */

/* Begin PBXVariantGroup section */
		3AAE1A6027E5FFFF002500A6 /* LaunchScreen.storyboard */ = {
			isa = PBXVariantGroup;
			children = (
				3AAE1A6127E5FFFF002500A6 /* Base */,
			);
			name = LaunchScreen.storyboard;
			sourceTree = "<group>";
		};
/* End PBXVariantGroup section */

/* Begin XCBuildConfiguration section */
		3AAE1A6427E5FFFF002500A6 /* Debug */ = {
			isa = XCBuildConfiguration;
			buildSettings = {
				ALWAYS_SEARCH_USER_PATHS = NO;
				CLANG_ANALYZER_NONNULL = YES;
				CLANG_ANALYZER_NUMBER_OBJECT_CONVERSION = YES_AGGRESSIVE;
				CLANG_CXX_LANGUAGE_STANDARD = "gnu++17";
				CLANG_CXX_LIBRARY = "libc++";
				CLANG_ENABLE_MODULES = YES;
				CLANG_ENABLE_OBJC_ARC = YES;
				CLANG_ENABLE_OBJC_WEAK = YES;
				CLANG_WARN_BLOCK_CAPTURE_AUTORELEASING = YES;
				CLANG_WARN_BOOL_CONVERSION = YES;
				CLANG_WARN_COMMA = YES;
				CLANG_WARN_CONSTANT_CONVERSION = YES;
				CLANG_WARN_DEPRECATED_OBJC_IMPLEMENTATIONS = YES;
				CLANG_WARN_DIRECT_OBJC_ISA_USAGE = YES_ERROR;
				CLANG_WARN_DOCUMENTATION_COMMENTS = YES;
				CLANG_WARN_EMPTY_BODY = YES;
				CLANG_WARN_ENUM_CONVERSION = YES;
				CLANG_WARN_INFINITE_RECURSION = YES;
				CLANG_WARN_INT_CONVERSION = YES;
				CLANG_WARN_NON_LITERAL_NULL_CONVERSION = YES;
				CLANG_WARN_OBJC_IMPLICIT_RETAIN_SELF = YES;
				CLANG_WARN_OBJC_LITERAL_CONVERSION = YES;
				CLANG_WARN_OBJC_ROOT_CLASS = YES_ERROR;
				CLANG_WARN_QUOTED_INCLUDE_IN_FRAMEWORK_HEADER = YES;
				CLANG_WARN_RANGE_LOOP_ANALYSIS = YES;
				CLANG_WARN_STRICT_PROTOTYPES = YES;
				CLANG_WARN_SUSPICIOUS_MOVE = YES;
				CLANG_WARN_UNGUARDED_AVAILABILITY = YES_AGGRESSIVE;
				CLANG_WARN_UNREACHABLE_CODE = YES;
				CLANG_WARN__DUPLICATE_METHOD_MATCH = YES;
				COPY_PHASE_STRIP = NO;
				DEBUG_INFORMATION_FORMAT = dwarf;
				ENABLE_STRICT_OBJC_MSGSEND = YES;
				ENABLE_TESTABILITY = YES;
				GCC_C_LANGUAGE_STANDARD = gnu11;
				GCC_DYNAMIC_NO_PIC = NO;
				GCC_NO_COMMON_BLOCKS = YES;
				GCC_OPTIMIZATION_LEVEL = 0;
				GCC_PREPROCESSOR_DEFINITIONS = (
					"DEBUG=1",
					"$(inherited)",
				);
				GCC_WARN_64_TO_32_BIT_CONVERSION = YES;
				GCC_WARN_ABOUT_RETURN_TYPE = YES_ERROR;
				GCC_WARN_UNDECLARED_SELECTOR = YES;
				GCC_WARN_UNINITIALIZED_AUTOS = YES_AGGRESSIVE;
				GCC_WARN_UNUSED_FUNCTION = YES;
				GCC_WARN_UNUSED_VARIABLE = YES;
				IPHONEOS_DEPLOYMENT_TARGET = 15.2;
				MTL_ENABLE_DEBUG_INFO = INCLUDE_SOURCE;
				MTL_FAST_MATH = YES;
				ONLY_ACTIVE_ARCH = YES;
				SDKROOT = iphoneos;
				SWIFT_ACTIVE_COMPILATION_CONDITIONS = DEBUG;
				SWIFT_OPTIMIZATION_LEVEL = "-Onone";
			};
			name = Debug;
		};
		3AAE1A6527E5FFFF002500A6 /* Release */ = {
			isa = XCBuildConfiguration;
			buildSettings = {
				ALWAYS_SEARCH_USER_PATHS = NO;
				CLANG_ANALYZER_NONNULL = YES;
				CLANG_ANALYZER_NUMBER_OBJECT_CONVERSION = YES_AGGRESSIVE;
				CLANG_CXX_LANGUAGE_STANDARD = "gnu++17";
				CLANG_CXX_LIBRARY = "libc++";
				CLANG_ENABLE_MODULES = YES;
				CLANG_ENABLE_OBJC_ARC = YES;
				CLANG_ENABLE_OBJC_WEAK = YES;
				CLANG_WARN_BLOCK_CAPTURE_AUTORELEASING = YES;
				CLANG_WARN_BOOL_CONVERSION = YES;
				CLANG_WARN_COMMA = YES;
				CLANG_WARN_CONSTANT_CONVERSION = YES;
				CLANG_WARN_DEPRECATED_OBJC_IMPLEMENTATIONS = YES;
				CLANG_WARN_DIRECT_OBJC_ISA_USAGE = YES_ERROR;
				CLANG_WARN_DOCUMENTATION_COMMENTS = YES;
				CLANG_WARN_EMPTY_BODY = YES;
				CLANG_WARN_ENUM_CONVERSION = YES;
				CLANG_WARN_INFINITE_RECURSION = YES;
				CLANG_WARN_INT_CONVERSION = YES;
				CLANG_WARN_NON_LITERAL_NULL_CONVERSION = YES;
				CLANG_WARN_OBJC_IMPLICIT_RETAIN_SELF = YES;
				CLANG_WARN_OBJC_LITERAL_CONVERSION = YES;
				CLANG_WARN_OBJC_ROOT_CLASS = YES_ERROR;
				CLANG_WARN_QUOTED_INCLUDE_IN_FRAMEWORK_HEADER = YES;
				CLANG_WARN_RANGE_LOOP_ANALYSIS = YES;
				CLANG_WARN_STRICT_PROTOTYPES = YES;
				CLANG_WARN_SUSPICIOUS_MOVE = YES;
				CLANG_WARN_UNGUARDED_AVAILABILITY = YES_AGGRESSIVE;
				CLANG_WARN_UNREACHABLE_CODE = YES;
				CLANG_WARN__DUPLICATE_METHOD_MATCH = YES;
				COPY_PHASE_STRIP = NO;
				DEBUG_INFORMATION_FORMAT = "dwarf-with-dsym";
				ENABLE_NS_ASSERTIONS = NO;
				ENABLE_STRICT_OBJC_MSGSEND = YES;
				GCC_C_LANGUAGE_STANDARD = gnu11;
				GCC_NO_COMMON_BLOCKS = YES;
				GCC_WARN_64_TO_32_BIT_CONVERSION = YES;
				GCC_WARN_ABOUT_RETURN_TYPE = YES_ERROR;
				GCC_WARN_UNDECLARED_SELECTOR = YES;
				GCC_WARN_UNINITIALIZED_AUTOS = YES_AGGRESSIVE;
				GCC_WARN_UNUSED_FUNCTION = YES;
				GCC_WARN_UNUSED_VARIABLE = YES;
				IPHONEOS_DEPLOYMENT_TARGET = 15.2;
				MTL_ENABLE_DEBUG_INFO = NO;
				MTL_FAST_MATH = YES;
				SDKROOT = iphoneos;
				SWIFT_COMPILATION_MODE = wholemodule;
				SWIFT_OPTIMIZATION_LEVEL = "-O";
				VALIDATE_PRODUCT = YES;
			};
			name = Release;
		};
		3AAE1A6727E5FFFF002500A6 /* Debug */ = {
			isa = XCBuildConfiguration;
			buildSettings = {
				ASSETCATALOG_COMPILER_APPICON_NAME = AppIcon;
				ASSETCATALOG_COMPILER_GLOBAL_ACCENT_COLOR_NAME = AccentColor;
				CODE_SIGN_STYLE = Automatic;
				CURRENT_PROJECT_VERSION = 1;
				GENERATE_INFOPLIST_FILE = YES;
				INFOPLIST_FILE = SenlaApp/Info.plist;
				INFOPLIST_KEY_UIApplicationSupportsIndirectInputEvents = YES;
				INFOPLIST_KEY_UILaunchStoryboardName = LaunchScreen;
				INFOPLIST_KEY_UISupportedInterfaceOrientations_iPad = "UIInterfaceOrientationPortrait UIInterfaceOrientationPortraitUpsideDown UIInterfaceOrientationLandscapeLeft UIInterfaceOrientationLandscapeRight";
				INFOPLIST_KEY_UISupportedInterfaceOrientations_iPhone = "UIInterfaceOrientationPortrait UIInterfaceOrientationLandscapeLeft UIInterfaceOrientationLandscapeRight";
				LD_RUNPATH_SEARCH_PATHS = (
					"$(inherited)",
					"@executable_path/Frameworks",
				);
				MARKETING_VERSION = 1.0;
				PRODUCT_BUNDLE_IDENTIFIER = ru.igorpenkin.SenlaApp;
				PRODUCT_NAME = "$(TARGET_NAME)";
				SWIFT_EMIT_LOC_STRINGS = YES;
				SWIFT_VERSION = 5.0;
				TARGETED_DEVICE_FAMILY = "1,2";
			};
			name = Debug;
		};
		3AAE1A6827E5FFFF002500A6 /* Release */ = {
			isa = XCBuildConfiguration;
			buildSettings = {
				ASSETCATALOG_COMPILER_APPICON_NAME = AppIcon;
				ASSETCATALOG_COMPILER_GLOBAL_ACCENT_COLOR_NAME = AccentColor;
				CODE_SIGN_STYLE = Automatic;
				CURRENT_PROJECT_VERSION = 1;
				GENERATE_INFOPLIST_FILE = YES;
				INFOPLIST_FILE = SenlaApp/Info.plist;
				INFOPLIST_KEY_UIApplicationSupportsIndirectInputEvents = YES;
				INFOPLIST_KEY_UILaunchStoryboardName = LaunchScreen;
				INFOPLIST_KEY_UISupportedInterfaceOrientations_iPad = "UIInterfaceOrientationPortrait UIInterfaceOrientationPortraitUpsideDown UIInterfaceOrientationLandscapeLeft UIInterfaceOrientationLandscapeRight";
				INFOPLIST_KEY_UISupportedInterfaceOrientations_iPhone = "UIInterfaceOrientationPortrait UIInterfaceOrientationLandscapeLeft UIInterfaceOrientationLandscapeRight";
				LD_RUNPATH_SEARCH_PATHS = (
					"$(inherited)",
					"@executable_path/Frameworks",
				);
				MARKETING_VERSION = 1.0;
				PRODUCT_BUNDLE_IDENTIFIER = ru.igorpenkin.SenlaApp;
				PRODUCT_NAME = "$(TARGET_NAME)";
				SWIFT_EMIT_LOC_STRINGS = YES;
				SWIFT_VERSION = 5.0;
				TARGETED_DEVICE_FAMILY = "1,2";
			};
			name = Release;
		};
/* End XCBuildConfiguration section */

/* Begin XCConfigurationList section */
		3AAE1A4D27E5FFFB002500A6 /* Build configuration list for PBXProject "SenlaApp" */ = {
			isa = XCConfigurationList;
			buildConfigurations = (
				3AAE1A6427E5FFFF002500A6 /* Debug */,
				3AAE1A6527E5FFFF002500A6 /* Release */,
			);
			defaultConfigurationIsVisible = 0;
			defaultConfigurationName = Release;
		};
		3AAE1A6627E5FFFF002500A6 /* Build configuration list for PBXNativeTarget "SenlaApp" */ = {
			isa = XCConfigurationList;
			buildConfigurations = (
				3AAE1A6727E5FFFF002500A6 /* Debug */,
				3AAE1A6827E5FFFF002500A6 /* Release */,
			);
			defaultConfigurationIsVisible = 0;
			defaultConfigurationName = Release;
		};
/* End XCConfigurationList section */
	};
	rootObject = 3AAE1A4A27E5FFFB002500A6 /* Project object */;
}
